// !$*UTF8*$!
{
	archiveVersion = 1;
	classes = {
	};
	objectVersion = 77;
	objects = {

/* Begin PBXBuildFile section */
		C5E7B3EC2CC5D63000831819 /* Kingfisher in Frameworks */ = {isa = PBXBuildFile; productRef = C5E7B3EB2CC5D63000831819 /* Kingfisher */; };
/* End PBXBuildFile section */

/* Begin PBXContainerItemProxy section */
		C5EC86282CC57B78009892B8 /* PBXContainerItemProxy */ = {
			isa = PBXContainerItemProxy;
			containerPortal = C5EC860F2CC57B77009892B8 /* Project object */;
			proxyType = 1;
			remoteGlobalIDString = C5EC86162CC57B77009892B8;
			remoteInfo = DotaPickMaster;
		};
		C5EC86322CC57B78009892B8 /* PBXContainerItemProxy */ = {
			isa = PBXContainerItemProxy;
			containerPortal = C5EC860F2CC57B77009892B8 /* Project object */;
			proxyType = 1;
			remoteGlobalIDString = C5EC86162CC57B77009892B8;
			remoteInfo = DotaPickMaster;
		};
/* End PBXContainerItemProxy section */

/* Begin PBXFileReference section */
		C5EC86172CC57B77009892B8 /* DotaPickMaster.app */ = {isa = PBXFileReference; explicitFileType = wrapper.application; includeInIndex = 0; path = DotaPickMaster.app; sourceTree = BUILT_PRODUCTS_DIR; };
		C5EC86272CC57B78009892B8 /* DotaPickMasterTests.xctest */ = {isa = PBXFileReference; explicitFileType = wrapper.cfbundle; includeInIndex = 0; path = DotaPickMasterTests.xctest; sourceTree = BUILT_PRODUCTS_DIR; };
		C5EC86312CC57B78009892B8 /* DotaPickMasterUITests.xctest */ = {isa = PBXFileReference; explicitFileType = wrapper.cfbundle; includeInIndex = 0; path = DotaPickMasterUITests.xctest; sourceTree = BUILT_PRODUCTS_DIR; };
/* End PBXFileReference section */

/* Begin PBXFileSystemSynchronizedRootGroup section */
		C5EC86192CC57B77009892B8 /* DotaPickMaster */ = {
			isa = PBXFileSystemSynchronizedRootGroup;
			path = DotaPickMaster;
			sourceTree = "<group>";
		};
		C5EC862A2CC57B78009892B8 /* DotaPickMasterTests */ = {
			isa = PBXFileSystemSynchronizedRootGroup;
			path = DotaPickMasterTests;
			sourceTree = "<group>";
		};
		C5EC86342CC57B78009892B8 /* DotaPickMasterUITests */ = {
			isa = PBXFileSystemSynchronizedRootGroup;
			path = DotaPickMasterUITests;
			sourceTree = "<group>";
		};
/* End PBXFileSystemSynchronizedRootGroup section */

/* Begin PBXFrameworksBuildPhase section */
		C5EC86142CC57B77009892B8 /* Frameworks */ = {
			isa = PBXFrameworksBuildPhase;
			buildActionMask = 2147483647;
			files = (
				C5E7B3EC2CC5D63000831819 /* Kingfisher in Frameworks */,
			);
			runOnlyForDeploymentPostprocessing = 0;
		};
		C5EC86242CC57B78009892B8 /* Frameworks */ = {
			isa = PBXFrameworksBuildPhase;
			buildActionMask = 2147483647;
			files = (
			);
			runOnlyForDeploymentPostprocessing = 0;
		};
		C5EC862E2CC57B78009892B8 /* Frameworks */ = {
			isa = PBXFrameworksBuildPhase;
			buildActionMask = 2147483647;
			files = (
			);
			runOnlyForDeploymentPostprocessing = 0;
		};
/* End PBXFrameworksBuildPhase section */

/* Begin PBXGroup section */
		C5E7B3EA2CC5D63000831819 /* Frameworks */ = {
			isa = PBXGroup;
			children = (
			);
			name = Frameworks;
			sourceTree = "<group>";
		};
		C5EC860E2CC57B77009892B8 = {
			isa = PBXGroup;
			children = (
				C5EC86192CC57B77009892B8 /* DotaPickMaster */,
				C5EC862A2CC57B78009892B8 /* DotaPickMasterTests */,
				C5EC86342CC57B78009892B8 /* DotaPickMasterUITests */,
				C5E7B3EA2CC5D63000831819 /* Frameworks */,
				C5EC86182CC57B77009892B8 /* Products */,
			);
			sourceTree = "<group>";
		};
		C5EC86182CC57B77009892B8 /* Products */ = {
			isa = PBXGroup;
			children = (
				C5EC86172CC57B77009892B8 /* DotaPickMaster.app */,
				C5EC86272CC57B78009892B8 /* DotaPickMasterTests.xctest */,
				C5EC86312CC57B78009892B8 /* DotaPickMasterUITests.xctest */,
			);
			name = Products;
			sourceTree = "<group>";
		};
/* End PBXGroup section */

/* Begin PBXNativeTarget section */
		C5EC86162CC57B77009892B8 /* DotaPickMaster */ = {
			isa = PBXNativeTarget;
			buildConfigurationList = C5EC863B2CC57B78009892B8 /* Build configuration list for PBXNativeTarget "DotaPickMaster" */;
			buildPhases = (
				C5EC86132CC57B77009892B8 /* Sources */,
				C5EC86142CC57B77009892B8 /* Frameworks */,
				C5EC86152CC57B77009892B8 /* Resources */,
			);
			buildRules = (
			);
			dependencies = (
			);
			fileSystemSynchronizedGroups = (
				C5EC86192CC57B77009892B8 /* DotaPickMaster */,
			);
			name = DotaPickMaster;
			packageProductDependencies = (
				C5E7B3EB2CC5D63000831819 /* Kingfisher */,
			);
			productName = DotaPickMaster;
			productReference = C5EC86172CC57B77009892B8 /* DotaPickMaster.app */;
			productType = "com.apple.product-type.application";
		};
		C5EC86262CC57B78009892B8 /* DotaPickMasterTests */ = {
			isa = PBXNativeTarget;
			buildConfigurationList = C5EC863E2CC57B78009892B8 /* Build configuration list for PBXNativeTarget "DotaPickMasterTests" */;
			buildPhases = (
				C5EC86232CC57B78009892B8 /* Sources */,
				C5EC86242CC57B78009892B8 /* Frameworks */,
				C5EC86252CC57B78009892B8 /* Resources */,
			);
			buildRules = (
			);
			dependencies = (
				C5EC86292CC57B78009892B8 /* PBXTargetDependency */,
			);
			fileSystemSynchronizedGroups = (
				C5EC862A2CC57B78009892B8 /* DotaPickMasterTests */,
			);
			name = DotaPickMasterTests;
			packageProductDependencies = (
			);
			productName = DotaPickMasterTests;
			productReference = C5EC86272CC57B78009892B8 /* DotaPickMasterTests.xctest */;
			productType = "com.apple.product-type.bundle.unit-test";
		};
		C5EC86302CC57B78009892B8 /* DotaPickMasterUITests */ = {
			isa = PBXNativeTarget;
			buildConfigurationList = C5EC86412CC57B78009892B8 /* Build configuration list for PBXNativeTarget "DotaPickMasterUITests" */;
			buildPhases = (
				C5EC862D2CC57B78009892B8 /* Sources */,
				C5EC862E2CC57B78009892B8 /* Frameworks */,
				C5EC862F2CC57B78009892B8 /* Resources */,
			);
			buildRules = (
			);
			dependencies = (
				C5EC86332CC57B78009892B8 /* PBXTargetDependency */,
			);
			fileSystemSynchronizedGroups = (
				C5EC86342CC57B78009892B8 /* DotaPickMasterUITests */,
			);
			name = DotaPickMasterUITests;
			packageProductDependencies = (
			);
			productName = DotaPickMasterUITests;
			productReference = C5EC86312CC57B78009892B8 /* DotaPickMasterUITests.xctest */;
			productType = "com.apple.product-type.bundle.ui-testing";
		};
/* End PBXNativeTarget section */

/* Begin PBXProject section */
		C5EC860F2CC57B77009892B8 /* Project object */ = {
			isa = PBXProject;
			attributes = {
				BuildIndependentTargetsInParallel = 1;
				LastSwiftUpdateCheck = 1600;
				LastUpgradeCheck = 1600;
				TargetAttributes = {
					C5EC86162CC57B77009892B8 = {
						CreatedOnToolsVersion = 16.0;
					};
					C5EC86262CC57B78009892B8 = {
						CreatedOnToolsVersion = 16.0;
						TestTargetID = C5EC86162CC57B77009892B8;
					};
					C5EC86302CC57B78009892B8 = {
						CreatedOnToolsVersion = 16.0;
						TestTargetID = C5EC86162CC57B77009892B8;
					};
				};
			};
			buildConfigurationList = C5EC86122CC57B77009892B8 /* Build configuration list for PBXProject "DotaPickMaster" */;
			developmentRegion = en;
			hasScannedForEncodings = 0;
			knownRegions = (
				en,
				Base,
			);
			mainGroup = C5EC860E2CC57B77009892B8;
			minimizedProjectReferenceProxies = 1;
			packageReferences = (
				C5EC86802CC57C02009892B8 /* XCRemoteSwiftPackageReference "AlertToast" */,
				C5EC86812CC57C0F009892B8 /* XCRemoteSwiftPackageReference "Kingfisher" */,
				C5EC86942CC5C35F009892B8 /* XCRemoteSwiftPackageReference "Moya" */,
			);
			preferredProjectObjectVersion = 77;
			productRefGroup = C5EC86182CC57B77009892B8 /* Products */;
			projectDirPath = "";
			projectRoot = "";
			targets = (
				C5EC86162CC57B77009892B8 /* DotaPickMaster */,
				C5EC86262CC57B78009892B8 /* DotaPickMasterTests */,
				C5EC86302CC57B78009892B8 /* DotaPickMasterUITests */,
			);
		};
/* End PBXProject section */

/* Begin PBXResourcesBuildPhase section */
		C5EC86152CC57B77009892B8 /* Resources */ = {
			isa = PBXResourcesBuildPhase;
			buildActionMask = 2147483647;
			files = (
			);
			runOnlyForDeploymentPostprocessing = 0;
		};
		C5EC86252CC57B78009892B8 /* Resources */ = {
			isa = PBXResourcesBuildPhase;
			buildActionMask = 2147483647;
			files = (
			);
			runOnlyForDeploymentPostprocessing = 0;
		};
		C5EC862F2CC57B78009892B8 /* Resources */ = {
			isa = PBXResourcesBuildPhase;
			buildActionMask = 2147483647;
			files = (
			);
			runOnlyForDeploymentPostprocessing = 0;
		};
/* End PBXResourcesBuildPhase section */

/* Begin PBXSourcesBuildPhase section */
		C5EC86132CC57B77009892B8 /* Sources */ = {
			isa = PBXSourcesBuildPhase;
			buildActionMask = 2147483647;
			files = (
			);
			runOnlyForDeploymentPostprocessing = 0;
		};
		C5EC86232CC57B78009892B8 /* Sources */ = {
			isa = PBXSourcesBuildPhase;
			buildActionMask = 2147483647;
			files = (
			);
			runOnlyForDeploymentPostprocessing = 0;
		};
		C5EC862D2CC57B78009892B8 /* Sources */ = {
			isa = PBXSourcesBuildPhase;
			buildActionMask = 2147483647;
			files = (
			);
			runOnlyForDeploymentPostprocessing = 0;
		};
/* End PBXSourcesBuildPhase section */

/* Begin PBXTargetDependency section */
		C5EC86292CC57B78009892B8 /* PBXTargetDependency */ = {
			isa = PBXTargetDependency;
			target = C5EC86162CC57B77009892B8 /* DotaPickMaster */;
			targetProxy = C5EC86282CC57B78009892B8 /* PBXContainerItemProxy */;
		};
		C5EC86332CC57B78009892B8 /* PBXTargetDependency */ = {
			isa = PBXTargetDependency;
			target = C5EC86162CC57B77009892B8 /* DotaPickMaster */;
			targetProxy = C5EC86322CC57B78009892B8 /* PBXContainerItemProxy */;
		};
/* End PBXTargetDependency section */

/* Begin XCBuildConfiguration section */
		C5EC86392CC57B78009892B8 /* Debug */ = {
			isa = XCBuildConfiguration;
			buildSettings = {
				ALWAYS_SEARCH_USER_PATHS = NO;
				ASSETCATALOG_COMPILER_GENERATE_SWIFT_ASSET_SYMBOL_EXTENSIONS = YES;
				CLANG_ANALYZER_NONNULL = YES;
				CLANG_ANALYZER_NUMBER_OBJECT_CONVERSION = YES_AGGRESSIVE;
				CLANG_CXX_LANGUAGE_STANDARD = "gnu++20";
				CLANG_ENABLE_MODULES = YES;
				CLANG_ENABLE_OBJC_ARC = YES;
				CLANG_ENABLE_OBJC_WEAK = YES;
				CLANG_WARN_BLOCK_CAPTURE_AUTORELEASING = YES;
				CLANG_WARN_BOOL_CONVERSION = YES;
				CLANG_WARN_COMMA = YES;
				CLANG_WARN_CONSTANT_CONVERSION = YES;
				CLANG_WARN_DEPRECATED_OBJC_IMPLEMENTATIONS = YES;
				CLANG_WARN_DIRECT_OBJC_ISA_USAGE = YES_ERROR;
				CLANG_WARN_DOCUMENTATION_COMMENTS = YES;
				CLANG_WARN_EMPTY_BODY = YES;
				CLANG_WARN_ENUM_CONVERSION = YES;
				CLANG_WARN_INFINITE_RECURSION = YES;
				CLANG_WARN_INT_CONVERSION = YES;
				CLANG_WARN_NON_LITERAL_NULL_CONVERSION = YES;
				CLANG_WARN_OBJC_IMPLICIT_RETAIN_SELF = YES;
				CLANG_WARN_OBJC_LITERAL_CONVERSION = YES;
				CLANG_WARN_OBJC_ROOT_CLASS = YES_ERROR;
				CLANG_WARN_QUOTED_INCLUDE_IN_FRAMEWORK_HEADER = YES;
				CLANG_WARN_RANGE_LOOP_ANALYSIS = YES;
				CLANG_WARN_STRICT_PROTOTYPES = YES;
				CLANG_WARN_SUSPICIOUS_MOVE = YES;
				CLANG_WARN_UNGUARDED_AVAILABILITY = YES_AGGRESSIVE;
				CLANG_WARN_UNREACHABLE_CODE = YES;
				CLANG_WARN__DUPLICATE_METHOD_MATCH = YES;
				COPY_PHASE_STRIP = NO;
				DEBUG_INFORMATION_FORMAT = dwarf;
				ENABLE_STRICT_OBJC_MSGSEND = YES;
				ENABLE_TESTABILITY = YES;
				ENABLE_USER_SCRIPT_SANDBOXING = YES;
				GCC_C_LANGUAGE_STANDARD = gnu17;
				GCC_DYNAMIC_NO_PIC = NO;
				GCC_NO_COMMON_BLOCKS = YES;
				GCC_OPTIMIZATION_LEVEL = 0;
				GCC_PREPROCESSOR_DEFINITIONS = (
					"DEBUG=1",
					"$(inherited)",
				);
				GCC_WARN_64_TO_32_BIT_CONVERSION = YES;
				GCC_WARN_ABOUT_RETURN_TYPE = YES_ERROR;
				GCC_WARN_UNDECLARED_SELECTOR = YES;
				GCC_WARN_UNINITIALIZED_AUTOS = YES_AGGRESSIVE;
				GCC_WARN_UNUSED_FUNCTION = YES;
				GCC_WARN_UNUSED_VARIABLE = YES;
				IPHONEOS_DEPLOYMENT_TARGET = 18.0;
				LOCALIZATION_PREFERS_STRING_CATALOGS = YES;
				MTL_ENABLE_DEBUG_INFO = INCLUDE_SOURCE;
				MTL_FAST_MATH = YES;
				ONLY_ACTIVE_ARCH = YES;
				SDKROOT = iphoneos;
				SWIFT_ACTIVE_COMPILATION_CONDITIONS = "DEBUG $(inherited)";
				SWIFT_OPTIMIZATION_LEVEL = "-Onone";
			};
			name = Debug;
		};
		C5EC863A2CC57B78009892B8 /* Release */ = {
			isa = XCBuildConfiguration;
			buildSettings = {
				ALWAYS_SEARCH_USER_PATHS = NO;
				ASSETCATALOG_COMPILER_GENERATE_SWIFT_ASSET_SYMBOL_EXTENSIONS = YES;
				CLANG_ANALYZER_NONNULL = YES;
				CLANG_ANALYZER_NUMBER_OBJECT_CONVERSION = YES_AGGRESSIVE;
				CLANG_CXX_LANGUAGE_STANDARD = "gnu++20";
				CLANG_ENABLE_MODULES = YES;
				CLANG_ENABLE_OBJC_ARC = YES;
				CLANG_ENABLE_OBJC_WEAK = YES;
				CLANG_WARN_BLOCK_CAPTURE_AUTORELEASING = YES;
				CLANG_WARN_BOOL_CONVERSION = YES;
				CLANG_WARN_COMMA = YES;
				CLANG_WARN_CONSTANT_CONVERSION = YES;
				CLANG_WARN_DEPRECATED_OBJC_IMPLEMENTATIONS = YES;
				CLANG_WARN_DIRECT_OBJC_ISA_USAGE = YES_ERROR;
				CLANG_WARN_DOCUMENTATION_COMMENTS = YES;
				CLANG_WARN_EMPTY_BODY = YES;
				CLANG_WARN_ENUM_CONVERSION = YES;
				CLANG_WARN_INFINITE_RECURSION = YES;
				CLANG_WARN_INT_CONVERSION = YES;
				CLANG_WARN_NON_LITERAL_NULL_CONVERSION = YES;
				CLANG_WARN_OBJC_IMPLICIT_RETAIN_SELF = YES;
				CLANG_WARN_OBJC_LITERAL_CONVERSION = YES;
				CLANG_WARN_OBJC_ROOT_CLASS = YES_ERROR;
				CLANG_WARN_QUOTED_INCLUDE_IN_FRAMEWORK_HEADER = YES;
				CLANG_WARN_RANGE_LOOP_ANALYSIS = YES;
				CLANG_WARN_STRICT_PROTOTYPES = YES;
				CLANG_WARN_SUSPICIOUS_MOVE = YES;
				CLANG_WARN_UNGUARDED_AVAILABILITY = YES_AGGRESSIVE;
				CLANG_WARN_UNREACHABLE_CODE = YES;
				CLANG_WARN__DUPLICATE_METHOD_MATCH = YES;
				COPY_PHASE_STRIP = NO;
				DEBUG_INFORMATION_FORMAT = "dwarf-with-dsym";
				ENABLE_NS_ASSERTIONS = NO;
				ENABLE_STRICT_OBJC_MSGSEND = YES;
				ENABLE_USER_SCRIPT_SANDBOXING = YES;
				GCC_C_LANGUAGE_STANDARD = gnu17;
				GCC_NO_COMMON_BLOCKS = YES;
				GCC_WARN_64_TO_32_BIT_CONVERSION = YES;
				GCC_WARN_ABOUT_RETURN_TYPE = YES_ERROR;
				GCC_WARN_UNDECLARED_SELECTOR = YES;
				GCC_WARN_UNINITIALIZED_AUTOS = YES_AGGRESSIVE;
				GCC_WARN_UNUSED_FUNCTION = YES;
				GCC_WARN_UNUSED_VARIABLE = YES;
				IPHONEOS_DEPLOYMENT_TARGET = 18.0;
				LOCALIZATION_PREFERS_STRING_CATALOGS = YES;
				MTL_ENABLE_DEBUG_INFO = NO;
				MTL_FAST_MATH = YES;
				SDKROOT = iphoneos;
				SWIFT_COMPILATION_MODE = wholemodule;
				VALIDATE_PRODUCT = YES;
			};
			name = Release;
		};
		C5EC863C2CC57B78009892B8 /* Debug */ = {
			isa = XCBuildConfiguration;
			buildSettings = {
				ASSETCATALOG_COMPILER_APPICON_NAME = AppIcon;
				ASSETCATALOG_COMPILER_GLOBAL_ACCENT_COLOR_NAME = AccentColor;
				CODE_SIGN_STYLE = Automatic;
				CURRENT_PROJECT_VERSION = 1;
				DEVELOPMENT_ASSET_PATHS = "\"DotaPickMaster/Resources/Preview Content\"";
				DEVELOPMENT_TEAM = 9RSGP9843T;
				ENABLE_PREVIEWS = YES;
				GENERATE_INFOPLIST_FILE = YES;
				INFOPLIST_KEY_UIApplicationSceneManifest_Generation = YES;
				INFOPLIST_KEY_UIApplicationSupportsIndirectInputEvents = YES;
				INFOPLIST_KEY_UILaunchScreen_Generation = YES;
				INFOPLIST_KEY_UISupportedInterfaceOrientations_iPad = "UIInterfaceOrientationPortrait UIInterfaceOrientationPortraitUpsideDown UIInterfaceOrientationLandscapeLeft UIInterfaceOrientationLandscapeRight";
				INFOPLIST_KEY_UISupportedInterfaceOrientations_iPhone = "UIInterfaceOrientationPortrait UIInterfaceOrientationLandscapeLeft UIInterfaceOrientationLandscapeRight";
				LD_RUNPATH_SEARCH_PATHS = (
					"$(inherited)",
					"@executable_path/Frameworks",
				);
				MARKETING_VERSION = 1.0;
				PRODUCT_BUNDLE_IDENTIFIER = com.adil.DotaPickMaster;
				PRODUCT_NAME = "$(TARGET_NAME)";
				SWIFT_EMIT_LOC_STRINGS = YES;
				SWIFT_VERSION = 5.0;
				TARGETED_DEVICE_FAMILY = "1,2";
			};
			name = Debug;
		};
		C5EC863D2CC57B78009892B8 /* Release */ = {
			isa = XCBuildConfiguration;
			buildSettings = {
				ASSETCATALOG_COMPILER_APPICON_NAME = AppIcon;
				ASSETCATALOG_COMPILER_GLOBAL_ACCENT_COLOR_NAME = AccentColor;
				CODE_SIGN_STYLE = Automatic;
				CURRENT_PROJECT_VERSION = 1;
				DEVELOPMENT_ASSET_PATHS = "\"DotaPickMaster/Resources/Preview Content\"";
				DEVELOPMENT_TEAM = 9RSGP9843T;
				ENABLE_PREVIEWS = YES;
				GENERATE_INFOPLIST_FILE = YES;
				INFOPLIST_KEY_UIApplicationSceneManifest_Generation = YES;
				INFOPLIST_KEY_UIApplicationSupportsIndirectInputEvents = YES;
				INFOPLIST_KEY_UILaunchScreen_Generation = YES;
				INFOPLIST_KEY_UISupportedInterfaceOrientations_iPad = "UIInterfaceOrientationPortrait UIInterfaceOrientationPortraitUpsideDown UIInterfaceOrientationLandscapeLeft UIInterfaceOrientationLandscapeRight";
				INFOPLIST_KEY_UISupportedInterfaceOrientations_iPhone = "UIInterfaceOrientationPortrait UIInterfaceOrientationLandscapeLeft UIInterfaceOrientationLandscapeRight";
				LD_RUNPATH_SEARCH_PATHS = (
					"$(inherited)",
					"@executable_path/Frameworks",
				);
				MARKETING_VERSION = 1.0;
				PRODUCT_BUNDLE_IDENTIFIER = com.adil.DotaPickMaster;
				PRODUCT_NAME = "$(TARGET_NAME)";
				SWIFT_EMIT_LOC_STRINGS = YES;
				SWIFT_VERSION = 5.0;
				TARGETED_DEVICE_FAMILY = "1,2";
			};
			name = Release;
		};
		C5EC863F2CC57B78009892B8 /* Debug */ = {
			isa = XCBuildConfiguration;
			buildSettings = {
				BUNDLE_LOADER = "$(TEST_HOST)";
				CODE_SIGN_STYLE = Automatic;
				CURRENT_PROJECT_VERSION = 1;
				DEVELOPMENT_TEAM = 9RSGP9843T;
				GENERATE_INFOPLIST_FILE = YES;
				IPHONEOS_DEPLOYMENT_TARGET = 18.0;
				MARKETING_VERSION = 1.0;
				PRODUCT_BUNDLE_IDENTIFIER = com.adil.DotaPickMasterTests;
				PRODUCT_NAME = "$(TARGET_NAME)";
				SWIFT_EMIT_LOC_STRINGS = NO;
				SWIFT_VERSION = 5.0;
				TARGETED_DEVICE_FAMILY = "1,2";
				TEST_HOST = "$(BUILT_PRODUCTS_DIR)/DotaPickMaster.app/$(BUNDLE_EXECUTABLE_FOLDER_PATH)/DotaPickMaster";
			};
			name = Debug;
		};
		C5EC86402CC57B78009892B8 /* Release */ = {
			isa = XCBuildConfiguration;
			buildSettings = {
				BUNDLE_LOADER = "$(TEST_HOST)";
				CODE_SIGN_STYLE = Automatic;
				CURRENT_PROJECT_VERSION = 1;
				DEVELOPMENT_TEAM = 9RSGP9843T;
				GENERATE_INFOPLIST_FILE = YES;
				IPHONEOS_DEPLOYMENT_TARGET = 18.0;
				MARKETING_VERSION = 1.0;
				PRODUCT_BUNDLE_IDENTIFIER = com.adil.DotaPickMasterTests;
				PRODUCT_NAME = "$(TARGET_NAME)";
				SWIFT_EMIT_LOC_STRINGS = NO;
				SWIFT_VERSION = 5.0;
				TARGETED_DEVICE_FAMILY = "1,2";
				TEST_HOST = "$(BUILT_PRODUCTS_DIR)/DotaPickMaster.app/$(BUNDLE_EXECUTABLE_FOLDER_PATH)/DotaPickMaster";
			};
			name = Release;
		};
		C5EC86422CC57B78009892B8 /* Debug */ = {
			isa = XCBuildConfiguration;
			buildSettings = {
				CODE_SIGN_STYLE = Automatic;
				CURRENT_PROJECT_VERSION = 1;
				DEVELOPMENT_TEAM = 9RSGP9843T;
				GENERATE_INFOPLIST_FILE = YES;
				MARKETING_VERSION = 1.0;
				PRODUCT_BUNDLE_IDENTIFIER = com.adil.DotaPickMasterUITests;
				PRODUCT_NAME = "$(TARGET_NAME)";
				SWIFT_EMIT_LOC_STRINGS = NO;
				SWIFT_VERSION = 5.0;
				TARGETED_DEVICE_FAMILY = "1,2";
				TEST_TARGET_NAME = DotaPickMaster;
			};
			name = Debug;
		};
		C5EC86432CC57B78009892B8 /* Release */ = {
			isa = XCBuildConfiguration;
			buildSettings = {
				CODE_SIGN_STYLE = Automatic;
				CURRENT_PROJECT_VERSION = 1;
				DEVELOPMENT_TEAM = 9RSGP9843T;
				GENERATE_INFOPLIST_FILE = YES;
				MARKETING_VERSION = 1.0;
				PRODUCT_BUNDLE_IDENTIFIER = com.adil.DotaPickMasterUITests;
				PRODUCT_NAME = "$(TARGET_NAME)";
				SWIFT_EMIT_LOC_STRINGS = NO;
				SWIFT_VERSION = 5.0;
				TARGETED_DEVICE_FAMILY = "1,2";
				TEST_TARGET_NAME = DotaPickMaster;
			};
			name = Release;
		};
/* End XCBuildConfiguration section */

/* Begin XCConfigurationList section */
		C5EC86122CC57B77009892B8 /* Build configuration list for PBXProject "DotaPickMaster" */ = {
			isa = XCConfigurationList;
			buildConfigurations = (
				C5EC86392CC57B78009892B8 /* Debug */,
				C5EC863A2CC57B78009892B8 /* Release */,
			);
			defaultConfigurationIsVisible = 0;
			defaultConfigurationName = Release;
		};
		C5EC863B2CC57B78009892B8 /* Build configuration list for PBXNativeTarget "DotaPickMaster" */ = {
			isa = XCConfigurationList;
			buildConfigurations = (
				C5EC863C2CC57B78009892B8 /* Debug */,
				C5EC863D2CC57B78009892B8 /* Release */,
			);
			defaultConfigurationIsVisible = 0;
			defaultConfigurationName = Release;
		};
		C5EC863E2CC57B78009892B8 /* Build configuration list for PBXNativeTarget "DotaPickMasterTests" */ = {
			isa = XCConfigurationList;
			buildConfigurations = (
				C5EC863F2CC57B78009892B8 /* Debug */,
				C5EC86402CC57B78009892B8 /* Release */,
			);
			defaultConfigurationIsVisible = 0;
			defaultConfigurationName = Release;
		};
		C5EC86412CC57B78009892B8 /* Build configuration list for PBXNativeTarget "DotaPickMasterUITests" */ = {
			isa = XCConfigurationList;
			buildConfigurations = (
				C5EC86422CC57B78009892B8 /* Debug */,
				C5EC86432CC57B78009892B8 /* Release */,
			);
			defaultConfigurationIsVisible = 0;
			defaultConfigurationName = Release;
		};
/* End XCConfigurationList section */

/* Begin XCRemoteSwiftPackageReference section */
		C5EC86802CC57C02009892B8 /* XCRemoteSwiftPackageReference "AlertToast" */ = {
			isa = XCRemoteSwiftPackageReference;
			repositoryURL = "https://github.com/elai950/AlertToast";
			requirement = {
				kind = upToNextMajorVersion;
				minimumVersion = 1.3.9;
			};
		};
		C5EC86812CC57C0F009892B8 /* XCRemoteSwiftPackageReference "Kingfisher" */ = {
			isa = XCRemoteSwiftPackageReference;
			repositoryURL = "https://github.com/onevcat/Kingfisher";
			requirement = {
				kind = upToNextMajorVersion;
				minimumVersion = 8.1.0;
			};
		};
		C5EC86942CC5C35F009892B8 /* XCRemoteSwiftPackageReference "Moya" */ = {
			isa = XCRemoteSwiftPackageReference;
			repositoryURL = "https://github.com/Moya/Moya";
			requirement = {
				kind = upToNextMajorVersion;
				minimumVersion = 15.0.3;
			};
		};
/* End XCRemoteSwiftPackageReference section */

/* Begin XCSwiftPackageProductDependency section */
		C5E7B3EB2CC5D63000831819 /* Kingfisher */ = {
			isa = XCSwiftPackageProductDependency;
			package = C5EC86812CC57C0F009892B8 /* XCRemoteSwiftPackageReference "Kingfisher" */;
			productName = Kingfisher;
		};
/* End XCSwiftPackageProductDependency section */
	};
	rootObject = C5EC860F2CC57B77009892B8 /* Project object */;
}
